{
  "sessionId": "98bba6d9-0245-4f00-b050-2c97cd254c98",
  "acquiredAt": "2026-06-29T17:43:26.499Z",
  "expiresAt": "2026-06-29T17:48:26.499Z",
  "purpose": "west-end-draft-archduke-west-end-2026+cyrano-de-bergerac-west-end-2026+pride-west-end-2026+sinatra-the-musical-west-end-2026+the-misanthrope-west-end-2026+the-truth-a-comedy-by-florian-zeller-west-end-2026",
  "holder": "cli",
  "workflowRunId": null
}
