{
  "sessionId": "f63b4bcb-3ab4-423f-be2e-0dd72890e007",
  "acquiredAt": "2026-06-29T17:24:47.335Z",
  "expiresAt": "2026-06-29T17:29:47.335Z",
  "purpose": "west-end-draft-archduke-west-end-2026+cyrano-de-bergerac-west-end-2026+pride-west-end-2026+sinatra-the-musical-west-end-2026+the-misanthrope-west-end-2026+the-truth-a-comedy-by-florian-zeller-west-end-2026",
  "holder": "cli",
  "workflowRunId": null
}
