{
  "sessionId": "ad766b60-7342-4644-9d95-c4965b480b41",
  "acquiredAt": "2026-06-30T20:50:11.913Z",
  "expiresAt": "2026-06-30T20:55:11.913Z",
  "purpose": "west-end-draft-cyrano-de-bergerac-west-end-2026+pride-west-end-2026+sinatra-the-musical-west-end-2026+the-truth-a-comedy-by-florian-zeller-west-end-2026",
  "holder": "cli",
  "workflowRunId": null
}
